PODS:
  - Alamofire (3.3.1)
  - AlamofireNetworkActivityIndicator (1.0.1):
    - Alamofire (~> 3.3)
  - RxCocoa (2.4):
    - RxSwift (~> 2.4)
  - RxSwift (2.4)

DEPENDENCIES:
  - Alamofire
  - AlamofireNetworkActivityIndicator
  - RxCocoa
  - RxSwift

SPEC CHECKSUMS:
  Alamofire: 369bc67b6f5ac33ded3648d7bd21c5bfb91c2ecc
  AlamofireNetworkActivityIndicator: 49a6e39afb947136f7b1872bae2d684957c26697
  RxCocoa: 7d6cd877de99f5640306b3d6cf87f580c1d91b61
  RxSwift: 67b9ef4e8b34fb394e200e754c6a09cc16559f94

COCOAPODS: 0.39.0
