// !$*UTF8*$!
{
	archiveVersion = 1;
	classes = {
	};
	objectVersion = 46;
	objects = {

/* Begin PBXBuildFile section */
		945311C51CD6934500E18B07 /* AppDelegate.swift in Sources */ = {isa = PBXBuildFile; fileRef = 945311C41CD6934500E18B07 /* AppDelegate.swift */; };
		945311C71CD6934500E18B07 /* ViewController.swift in Sources */ = {isa = PBXBuildFile; fileRef = 945311C61CD6934500E18B07 /* ViewController.swift */; };
		945311CA1CD6934500E18B07 /* Main.storyboard in Resources */ = {isa = PBXBuildFile; fileRef = 945311C81CD6934500E18B07 /* Main.storyboard */; };
		945311CC1CD6934500E18B07 /* Assets.xcassets in Resources */ = {isa = PBXBuildFile; fileRef = 945311CB1CD6934500E18B07 /* Assets.xcassets */; };
		945311CF1CD6934500E18B07 /* LaunchScreen.storyboard in Resources */ = {isa = PBXBuildFile; fileRef = 945311CD1CD6934500E18B07 /* LaunchScreen.storyboard */; };
		945311DA1CD6934500E18B07 /* MattLanganTests.swift in Sources */ = {isa = PBXBuildFile; fileRef = 945311D91CD6934500E18B07 /* MattLanganTests.swift */; };
		945311EE1CD694E800E18B07 /* StringExtensions.swift in Sources */ = {isa = PBXBuildFile; fileRef = 945311EA1CD694E800E18B07 /* StringExtensions.swift */; };
		945311F01CD6959D00E18B07 /* Podfile in Resources */ = {isa = PBXBuildFile; fileRef = 945311EF1CD6959D00E18B07 /* Podfile */; };
		945311F41CD7129B00E18B07 /* String+MattLangan.swift in Sources */ = {isa = PBXBuildFile; fileRef = 945311F31CD7129B00E18B07 /* String+MattLangan.swift */; };
		945311F61CD714AE00E18B07 /* MLParser.swift in Sources */ = {isa = PBXBuildFile; fileRef = 945311F51CD714AE00E18B07 /* MLParser.swift */; };
		945311FB1CD73D5300E18B07 /* MLJSONMentions.swift in Sources */ = {isa = PBXBuildFile; fileRef = 945311FA1CD73D5300E18B07 /* MLJSONMentions.swift */; };
		945311FE1CD7429900E18B07 /* MLJSONEmoticons.swift in Sources */ = {isa = PBXBuildFile; fileRef = 945311FD1CD7429900E18B07 /* MLJSONEmoticons.swift */; };
		945312001CD7441200E18B07 /* MLJSONLinks.swift in Sources */ = {isa = PBXBuildFile; fileRef = 945311FF1CD7441200E18B07 /* MLJSONLinks.swift */; };
		945312021CD75AF600E18B07 /* MLBaseWebViewHolder.swift in Sources */ = {isa = PBXBuildFile; fileRef = 945312011CD75AF600E18B07 /* MLBaseWebViewHolder.swift */; };
		945312051CD7C03E00E18B07 /* MLViewControllerVM.swift in Sources */ = {isa = PBXBuildFile; fileRef = 945312041CD7C03E00E18B07 /* MLViewControllerVM.swift */; };
		C3A2EB3C54D7914970848876 /* Pods_MattLangan.framework in Frameworks */ = {isa = PBXBuildFile; fileRef = 88D83D65DE21F24D4EC15076 /* Pods_MattLangan.framework */; };
/* End PBXBuildFile section */

/* Begin PBXContainerItemProxy section */
		945311D61CD6934500E18B07 /* PBXContainerItemProxy */ = {
			isa = PBXContainerItemProxy;
			containerPortal = 945311B91CD6934500E18B07 /* Project object */;
			proxyType = 1;
			remoteGlobalIDString = 945311C01CD6934500E18B07;
			remoteInfo = MattLangan;
		};
/* End PBXContainerItemProxy section */

/* Begin PBXFileReference section */
		88D83D65DE21F24D4EC15076 /* Pods_MattLangan.framework */ = {isa = PBXFileReference; explicitFileType = wrapper.framework; includeInIndex = 0; path = Pods_MattLangan.framework; sourceTree = BUILT_PRODUCTS_DIR; };
		945311C11CD6934500E18B07 /* MattLangan.app */ = {isa = PBXFileReference; explicitFileType = wrapper.application; includeInIndex = 0; path = MattLangan.app; sourceTree = BUILT_PRODUCTS_DIR; };
		945311C41CD6934500E18B07 /* AppDelegate.swift */ = {isa = PBXFileReference; lastKnownFileType = sourcecode.swift; path = AppDelegate.swift; sourceTree = "<group>"; };
		945311C61CD6934500E18B07 /* ViewController.swift */ = {isa = PBXFileReference; lastKnownFileType = sourcecode.swift; name = ViewController.swift; path = ../MattLangan/ViewController.swift; sourceTree = "<group>"; };
		945311C91CD6934500E18B07 /* Base */ = {isa = PBXFileReference; lastKnownFileType = file.storyboard; name = Base; path = Base.lproj/Main.storyboard; sourceTree = "<group>"; };
		945311CB1CD6934500E18B07 /* Assets.xcassets */ = {isa = PBXFileReference; lastKnownFileType = folder.assetcatalog; path = Assets.xcassets; sourceTree = "<group>"; };
		945311CE1CD6934500E18B07 /* Base */ = {isa = PBXFileReference; lastKnownFileType = file.storyboard; name = Base; path = Base.lproj/LaunchScreen.storyboard; sourceTree = "<group>"; };
		945311D01CD6934500E18B07 /* Info.plist */ = {isa = PBXFileReference; lastKnownFileType = text.plist.xml; path = Info.plist; sourceTree = "<group>"; };
		945311D51CD6934500E18B07 /* MattLanganTests.xctest */ = {isa = PBXFileReference; explicitFileType = wrapper.cfbundle; includeInIndex = 0; path = MattLanganTests.xctest; sourceTree = BUILT_PRODUCTS_DIR; };
		945311D91CD6934500E18B07 /* MattLanganTests.swift */ = {isa = PBXFileReference; lastKnownFileType = sourcecode.swift; path = MattLanganTests.swift; sourceTree = "<group>"; };
		945311DB1CD6934500E18B07 /* Info.plist */ = {isa = PBXFileReference; lastKnownFileType = text.plist.xml; path = Info.plist; sourceTree = "<group>"; };
		945311EA1CD694E800E18B07 /* StringExtensions.swift */ = {isa = PBXFileReference; fileEncoding = 4; lastKnownFileType = sourcecode.swift; path = StringExtensions.swift; sourceTree = "<group>"; };
		945311EF1CD6959D00E18B07 /* Podfile */ = {isa = PBXFileReference; fileEncoding = 4; lastKnownFileType = text; path = Podfile; sourceTree = "<group>"; xcLanguageSpecificationIdentifier = xcode.lang.ruby; };
		945311F31CD7129B00E18B07 /* String+MattLangan.swift */ = {isa = PBXFileReference; fileEncoding = 4; lastKnownFileType = sourcecode.swift; name = "String+MattLangan.swift"; path = "MattLangan/String+MattLangan.swift"; sourceTree = "<group>"; };
		945311F51CD714AE00E18B07 /* MLParser.swift */ = {isa = PBXFileReference; fileEncoding = 4; lastKnownFileType = sourcecode.swift; name = MLParser.swift; path = MVVM/MLParser.swift; sourceTree = "<group>"; };
		945311FA1CD73D5300E18B07 /* MLJSONMentions.swift */ = {isa = PBXFileReference; fileEncoding = 4; lastKnownFileType = sourcecode.swift; name = MLJSONMentions.swift; path = JSON/MLJSONMentions.swift; sourceTree = "<group>"; };
		945311FD1CD7429900E18B07 /* MLJSONEmoticons.swift */ = {isa = PBXFileReference; fileEncoding = 4; lastKnownFileType = sourcecode.swift; name = MLJSONEmoticons.swift; path = JSON/MLJSONEmoticons.swift; sourceTree = "<group>"; };
		945311FF1CD7441200E18B07 /* MLJSONLinks.swift */ = {isa = PBXFileReference; fileEncoding = 4; lastKnownFileType = sourcecode.swift; name = MLJSONLinks.swift; path = JSON/MLJSONLinks.swift; sourceTree = "<group>"; };
		945312011CD75AF600E18B07 /* MLBaseWebViewHolder.swift */ = {isa = PBXFileReference; fileEncoding = 4; lastKnownFileType = sourcecode.swift; name = MLBaseWebViewHolder.swift; path = MVVM/MLBaseWebViewHolder.swift; sourceTree = "<group>"; };
		945312041CD7C03E00E18B07 /* MLViewControllerVM.swift */ = {isa = PBXFileReference; fileEncoding = 4; lastKnownFileType = sourcecode.swift; path = MLViewControllerVM.swift; sourceTree = "<group>"; };
		DB44C96A8BD034ED1A74AE7B /* Pods-MattLangan.release.xcconfig */ = {isa = PBXFileReference; includeInIndex = 1; lastKnownFileType = text.xcconfig; name = "Pods-MattLangan.release.xcconfig"; path = "Pods/Target Support Files/Pods-MattLangan/Pods-MattLangan.release.xcconfig"; sourceTree = "<group>"; };
		EE240A99314BFFAD4F7682A5 /* Pods-MattLangan.debug.xcconfig */ = {isa = PBXFileReference; includeInIndex = 1; lastKnownFileType = text.xcconfig; name = "Pods-MattLangan.debug.xcconfig"; path = "Pods/Target Support Files/Pods-MattLangan/Pods-MattLangan.debug.xcconfig"; sourceTree = "<group>"; };
/* End PBXFileReference section */

/* Begin PBXFrameworksBuildPhase section */
		945311BE1CD6934500E18B07 /* Frameworks */ = {
			isa = PBXFrameworksBuildPhase;
			buildActionMask = 2147483647;
			files = (
				C3A2EB3C54D7914970848876 /* Pods_MattLangan.framework in Frameworks */,
			);
			runOnlyForDeploymentPostprocessing = 0;
		};
		945311D21CD6934500E18B07 /* Frameworks */ = {
			isa = PBXFrameworksBuildPhase;
			buildActionMask = 2147483647;
			files = (
			);
			runOnlyForDeploymentPostprocessing = 0;
		};
/* End PBXFrameworksBuildPhase section */

/* Begin PBXGroup section */
		24B909C2FE9E076E2637EA9B /* Frameworks */ = {
			isa = PBXGroup;
			children = (
				88D83D65DE21F24D4EC15076 /* Pods_MattLangan.framework */,
			);
			name = Frameworks;
			sourceTree = "<group>";
		};
		84795E16499502ED008C5E5E /* Pods */ = {
			isa = PBXGroup;
			children = (
				EE240A99314BFFAD4F7682A5 /* Pods-MattLangan.debug.xcconfig */,
				DB44C96A8BD034ED1A74AE7B /* Pods-MattLangan.release.xcconfig */,
			);
			name = Pods;
			sourceTree = "<group>";
		};
		945311B81CD6934500E18B07 = {
			isa = PBXGroup;
			children = (
				945311C31CD6934500E18B07 /* MattLangan */,
				945311E41CD6936900E18B07 /* Vendor */,
				945311D81CD6934500E18B07 /* MattLanganTests */,
				945311C21CD6934500E18B07 /* Products */,
				945311EF1CD6959D00E18B07 /* Podfile */,
				84795E16499502ED008C5E5E /* Pods */,
				24B909C2FE9E076E2637EA9B /* Frameworks */,
			);
			sourceTree = "<group>";
		};
		945311C21CD6934500E18B07 /* Products */ = {
			isa = PBXGroup;
			children = (
				945311C11CD6934500E18B07 /* MattLangan.app */,
				945311D51CD6934500E18B07 /* MattLanganTests.xctest */,
			);
			name = Products;
			sourceTree = "<group>";
		};
		945311C31CD6934500E18B07 /* MattLangan */ = {
			isa = PBXGroup;
			children = (
				945311FC1CD73D5A00E18B07 /* JSON */,
				945311F71CD714B400E18B07 /* MVVM */,
				945311F21CD7127200E18B07 /* Extensions */,
				945312031CD7644000E18B07 /* ViewControllers */,
				945311C41CD6934500E18B07 /* AppDelegate.swift */,
				945311C81CD6934500E18B07 /* Main.storyboard */,
				945311CB1CD6934500E18B07 /* Assets.xcassets */,
				945311CD1CD6934500E18B07 /* LaunchScreen.storyboard */,
				945311D01CD6934500E18B07 /* Info.plist */,
			);
			path = MattLangan;
			sourceTree = "<group>";
		};
		945311D81CD6934500E18B07 /* MattLanganTests */ = {
			isa = PBXGroup;
			children = (
				945311D91CD6934500E18B07 /* MattLanganTests.swift */,
				945311DB1CD6934500E18B07 /* Info.plist */,
			);
			path = MattLanganTests;
			sourceTree = "<group>";
		};
		945311E41CD6936900E18B07 /* Vendor */ = {
			isa = PBXGroup;
			children = (
				945311E61CD694E800E18B07 /* Swift-String-Tools-master */,
			);
			name = Vendor;
			sourceTree = "<group>";
		};
		945311E61CD694E800E18B07 /* Swift-String-Tools-master */ = {
			isa = PBXGroup;
			children = (
				945311EA1CD694E800E18B07 /* StringExtensions.swift */,
			);
			name = "Swift-String-Tools-master";
			path = "MattLangan/Vendor/Swift-String-Tools-master";
			sourceTree = "<group>";
		};
		945311F21CD7127200E18B07 /* Extensions */ = {
			isa = PBXGroup;
			children = (
				945311F31CD7129B00E18B07 /* String+MattLangan.swift */,
			);
			name = Extensions;
			path = ..;
			sourceTree = "<group>";
		};
		945311F71CD714B400E18B07 /* MVVM */ = {
			isa = PBXGroup;
			children = (
				945311F51CD714AE00E18B07 /* MLParser.swift */,
				945312011CD75AF600E18B07 /* MLBaseWebViewHolder.swift */,
				945312041CD7C03E00E18B07 /* MLViewControllerVM.swift */,
			);
			name = MVVM;
			path = ..;
			sourceTree = "<group>";
		};
		945311FC1CD73D5A00E18B07 /* JSON */ = {
			isa = PBXGroup;
			children = (
				945311FD1CD7429900E18B07 /* MLJSONEmoticons.swift */,
				945311FA1CD73D5300E18B07 /* MLJSONMentions.swift */,
				945311FF1CD7441200E18B07 /* MLJSONLinks.swift */,
			);
			name = JSON;
			path = ..;
			sourceTree = "<group>";
		};
		945312031CD7644000E18B07 /* ViewControllers */ = {
			isa = PBXGroup;
			children = (
				945311C61CD6934500E18B07 /* ViewController.swift */,
			);
			name = ViewControllers;
			path = MattLanganTests;
			sourceTree = SOURCE_ROOT;
		};
/* End PBXGroup section */

/* Begin PBXNativeTarget section */
		945311C01CD6934500E18B07 /* MattLangan */ = {
			isa = PBXNativeTarget;
			buildConfigurationList = 945311DE1CD6934500E18B07 /* Build configuration list for PBXNativeTarget "MattLangan" */;
			buildPhases = (
				F1E3F626D02BACA35C743894 /* Check Pods Manifest.lock */,
				945311BD1CD6934500E18B07 /* Sources */,
				945311BE1CD6934500E18B07 /* Frameworks */,
				945311BF1CD6934500E18B07 /* Resources */,
				4211C83A957AC29DBEFD3AC0 /* Embed Pods Frameworks */,
				8A8F3FFD37ACCA86FED4FCA8 /* Copy Pods Resources */,
				945311F11CD6C38D00E18B07 /* ShellScript */,
			);
			buildRules = (
			);
			dependencies = (
			);
			name = MattLangan;
			productName = MattLangan;
			productReference = 945311C11CD6934500E18B07 /* MattLangan.app */;
			productType = "com.apple.product-type.application";
		};
		945311D41CD6934500E18B07 /* MattLanganTests */ = {
			isa = PBXNativeTarget;
			buildConfigurationList = 945311E11CD6934500E18B07 /* Build configuration list for PBXNativeTarget "MattLanganTests" */;
			buildPhases = (
				945311D11CD6934500E18B07 /* Sources */,
				945311D21CD6934500E18B07 /* Frameworks */,
				945311D31CD6934500E18B07 /* Resources */,
			);
			buildRules = (
			);
			dependencies = (
				945311D71CD6934500E18B07 /* PBXTargetDependency */,
			);
			name = MattLanganTests;
			productName = MattLanganTests;
			productReference = 945311D51CD6934500E18B07 /* MattLanganTests.xctest */;
			productType = "com.apple.product-type.bundle.unit-test";
		};
/* End PBXNativeTarget section */

/* Begin PBXProject section */
		945311B91CD6934500E18B07 /* Project object */ = {
			isa = PBXProject;
			attributes = {
				LastSwiftUpdateCheck = 0730;
				LastUpgradeCheck = 0730;
				ORGANIZATIONNAME = "Corporate Smalltalk Consulting Ltd";
				TargetAttributes = {
					945311C01CD6934500E18B07 = {
						CreatedOnToolsVersion = 7.3;
					};
					945311D41CD6934500E18B07 = {
						CreatedOnToolsVersion = 7.3;
						TestTargetID = 945311C01CD6934500E18B07;
					};
				};
			};
			buildConfigurationList = 945311BC1CD6934500E18B07 /* Build configuration list for PBXProject "MattLangan" */;
			compatibilityVersion = "Xcode 3.2";
			developmentRegion = English;
			hasScannedForEncodings = 0;
			knownRegions = (
				en,
				Base,
			);
			mainGroup = 945311B81CD6934500E18B07;
			productRefGroup = 945311C21CD6934500E18B07 /* Products */;
			projectDirPath = "";
			projectRoot = "";
			targets = (
				945311C01CD6934500E18B07 /* MattLangan */,
				945311D41CD6934500E18B07 /* MattLanganTests */,
			);
		};
/* End PBXProject section */

/* Begin PBXResourcesBuildPhase section */
		945311BF1CD6934500E18B07 /* Resources */ = {
			isa = PBXResourcesBuildPhase;
			buildActionMask = 2147483647;
			files = (
				945311CF1CD6934500E18B07 /* LaunchScreen.storyboard in Resources */,
				945311CC1CD6934500E18B07 /* Assets.xcassets in Resources */,
				945311F01CD6959D00E18B07 /* Podfile in Resources */,
				945311CA1CD6934500E18B07 /* Main.storyboard in Resources */,
			);
			runOnlyForDeploymentPostprocessing = 0;
		};
		945311D31CD6934500E18B07 /* Resources */ = {
			isa = PBXResourcesBuildPhase;
			buildActionMask = 2147483647;
			files = (
			);
			runOnlyForDeploymentPostprocessing = 0;
		};
/* End PBXResourcesBuildPhase section */

/* Begin PBXShellScriptBuildPhase section */
		4211C83A957AC29DBEFD3AC0 /* Embed Pods Frameworks */ = {
			isa = PBXShellScriptBuildPhase;
			buildActionMask = 2147483647;
			files = (
			);
			inputPaths = (
			);
			name = "Embed Pods Frameworks";
			outputPaths = (
			);
			runOnlyForDeploymentPostprocessing = 0;
			shellPath = /bin/sh;
			shellScript = "\"${SRCROOT}/Pods/Target Support Files/Pods-MattLangan/Pods-MattLangan-frameworks.sh\"\n";
			showEnvVarsInLog = 0;
		};
		8A8F3FFD37ACCA86FED4FCA8 /* Copy Pods Resources */ = {
			isa = PBXShellScriptBuildPhase;
			buildActionMask = 2147483647;
			files = (
			);
			inputPaths = (
			);
			name = "Copy Pods Resources";
			outputPaths = (
			);
			runOnlyForDeploymentPostprocessing = 0;
			shellPath = /bin/sh;
			shellScript = "\"${SRCROOT}/Pods/Target Support Files/Pods-MattLangan/Pods-MattLangan-resources.sh\"\n";
			showEnvVarsInLog = 0;
		};
		945311F11CD6C38D00E18B07 /* ShellScript */ = {
			isa = PBXShellScriptBuildPhase;
			buildActionMask = 2147483647;
			files = (
			);
			inputPaths = (
			);
			outputPaths = (
			);
			runOnlyForDeploymentPostprocessing = 0;
			shellPath = /bin/sh;
			shellScript = "TAGS=\"TODO:|FIXME:\"\necho \"searching ${SRCROOT} for ${TAGS}\"\nfind \"${SRCROOT}\" \\(  -name \"*.h\" -or -name \"*.m\" -or -name \"*.mm\" -or -name \"*.swift\" \\) -print0 | xargs -0 egrep --with-filename --line-number --only-matching \"($TAGS).*\\$\" | perl -p -e \"s/($TAGS)/ warning: \\$1/\"\n";
		};
		F1E3F626D02BACA35C743894 /* Check Pods Manifest.lock */ = {
			isa = PBXShellScriptBuildPhase;
			buildActionMask = 2147483647;
			files = (
			);
			inputPaths = (
			);
			name = "Check Pods Manifest.lock";
			outputPaths = (
			);
			runOnlyForDeploymentPostprocessing = 0;
			shellPath = /bin/sh;
			shellScript = "diff \"${PODS_ROOT}/../Podfile.lock\" \"${PODS_ROOT}/Manifest.lock\" > /dev/null\nif [[ $? != 0 ]] ; then\n    cat << EOM\nerror: The sandbox is not in sync with the Podfile.lock. Run 'pod install' or update your CocoaPods installation.\nEOM\n    exit 1\nfi\n";
			showEnvVarsInLog = 0;
		};
/* End PBXShellScriptBuildPhase section */

/* Begin PBXSourcesBuildPhase section */
		945311BD1CD6934500E18B07 /* Sources */ = {
			isa = PBXSourcesBuildPhase;
			buildActionMask = 2147483647;
			files = (
				945312001CD7441200E18B07 /* MLJSONLinks.swift in Sources */,
				945311FE1CD7429900E18B07 /* MLJSONEmoticons.swift in Sources */,
				945311EE1CD694E800E18B07 /* StringExtensions.swift in Sources */,
				945311FB1CD73D5300E18B07 /* MLJSONMentions.swift in Sources */,
				945311C71CD6934500E18B07 /* ViewController.swift in Sources */,
				945312051CD7C03E00E18B07 /* MLViewControllerVM.swift in Sources */,
				945311C51CD6934500E18B07 /* AppDelegate.swift in Sources */,
				945311F41CD7129B00E18B07 /* String+MattLangan.swift in Sources */,
				945312021CD75AF600E18B07 /* MLBaseWebViewHolder.swift in Sources */,
				945311F61CD714AE00E18B07 /* MLParser.swift in Sources */,
			);
			runOnlyForDeploymentPostprocessing = 0;
		};
		945311D11CD6934500E18B07 /* Sources */ = {
			isa = PBXSourcesBuildPhase;
			buildActionMask = 2147483647;
			files = (
				945311DA1CD6934500E18B07 /* MattLanganTests.swift in Sources */,
			);
			runOnlyForDeploymentPostprocessing = 0;
		};
/* End PBXSourcesBuildPhase section */

/* Begin PBXTargetDependency section */
		945311D71CD6934500E18B07 /* PBXTargetDependency */ = {
			isa = PBXTargetDependency;
			target = 945311C01CD6934500E18B07 /* MattLangan */;
			targetProxy = 945311D61CD6934500E18B07 /* PBXContainerItemProxy */;
		};
/* End PBXTargetDependency section */

/* Begin PBXVariantGroup section */
		945311C81CD6934500E18B07 /* Main.storyboard */ = {
			isa = PBXVariantGroup;
			children = (
				945311C91CD6934500E18B07 /* Base */,
			);
			name = Main.storyboard;
			sourceTree = "<group>";
		};
		945311CD1CD6934500E18B07 /* LaunchScreen.storyboard */ = {
			isa = PBXVariantGroup;
			children = (
				945311CE1CD6934500E18B07 /* Base */,
			);
			name = LaunchScreen.storyboard;
			sourceTree = "<group>";
		};
/* End PBXVariantGroup section */

/* Begin XCBuildConfiguration section */
		945311DC1CD6934500E18B07 /* Debug */ = {
			isa = XCBuildConfiguration;
			buildSettings = {
				ALWAYS_SEARCH_USER_PATHS = NO;
				CLANG_ANALYZER_NONNULL = YES;
				CLANG_CXX_LANGUAGE_STANDARD = "gnu++0x";
				CLANG_CXX_LIBRARY = "libc++";
				CLANG_ENABLE_MODULES = YES;
				CLANG_ENABLE_OBJC_ARC = YES;
				CLANG_WARN_BOOL_CONVERSION = YES;
				CLANG_WARN_CONSTANT_CONVERSION = YES;
				CLANG_WARN_DIRECT_OBJC_ISA_USAGE = YES_ERROR;
				CLANG_WARN_EMPTY_BODY = YES;
				CLANG_WARN_ENUM_CONVERSION = YES;
				CLANG_WARN_INT_CONVERSION = YES;
				CLANG_WARN_OBJC_ROOT_CLASS = YES_ERROR;
				CLANG_WARN_UNREACHABLE_CODE = YES;
				CLANG_WARN__DUPLICATE_METHOD_MATCH = YES;
				"CODE_SIGN_IDENTITY[sdk=iphoneos*]" = "iPhone Developer";
				COPY_PHASE_STRIP = NO;
				DEBUG_INFORMATION_FORMAT = dwarf;
				ENABLE_STRICT_OBJC_MSGSEND = YES;
				ENABLE_TESTABILITY = YES;
				GCC_C_LANGUAGE_STANDARD = gnu99;
				GCC_DYNAMIC_NO_PIC = NO;
				GCC_NO_COMMON_BLOCKS = YES;
				GCC_OPTIMIZATION_LEVEL = 0;
				GCC_PREPROCESSOR_DEFINITIONS = (
					"DEBUG=1",
					"$(inherited)",
				);
				GCC_WARN_64_TO_32_BIT_CONVERSION = YES;
				GCC_WARN_ABOUT_RETURN_TYPE = YES_ERROR;
				GCC_WARN_UNDECLARED_SELECTOR = YES;
				GCC_WARN_UNINITIALIZED_AUTOS = YES_AGGRESSIVE;
				GCC_WARN_UNUSED_FUNCTION = YES;
				GCC_WARN_UNUSED_VARIABLE = YES;
				IPHONEOS_DEPLOYMENT_TARGET = 9.3;
				MTL_ENABLE_DEBUG_INFO = YES;
				ONLY_ACTIVE_ARCH = YES;
				SDKROOT = iphoneos;
				SWIFT_OPTIMIZATION_LEVEL = "-Onone";
				TARGETED_DEVICE_FAMILY = "1,2";
			};
			name = Debug;
		};
		945311DD1CD6934500E18B07 /* Release */ = {
			isa = XCBuildConfiguration;
			buildSettings = {
				ALWAYS_SEARCH_USER_PATHS = NO;
				CLANG_ANALYZER_NONNULL = YES;
				CLANG_CXX_LANGUAGE_STANDARD = "gnu++0x";
				CLANG_CXX_LIBRARY = "libc++";
				CLANG_ENABLE_MODULES = YES;
				CLANG_ENABLE_OBJC_ARC = YES;
				CLANG_WARN_BOOL_CONVERSION = YES;
				CLANG_WARN_CONSTANT_CONVERSION = YES;
				CLANG_WARN_DIRECT_OBJC_ISA_USAGE = YES_ERROR;
				CLANG_WARN_EMPTY_BODY = YES;
				CLANG_WARN_ENUM_CONVERSION = YES;
				CLANG_WARN_INT_CONVERSION = YES;
				CLANG_WARN_OBJC_ROOT_CLASS = YES_ERROR;
				CLANG_WARN_UNREACHABLE_CODE = YES;
				CLANG_WARN__DUPLICATE_METHOD_MATCH = YES;
				"CODE_SIGN_IDENTITY[sdk=iphoneos*]" = "iPhone Developer";
				COPY_PHASE_STRIP = NO;
				DEBUG_INFORMATION_FORMAT = "dwarf-with-dsym";
				ENABLE_NS_ASSERTIONS = NO;
				ENABLE_STRICT_OBJC_MSGSEND = YES;
				GCC_C_LANGUAGE_STANDARD = gnu99;
				GCC_NO_COMMON_BLOCKS = YES;
				GCC_WARN_64_TO_32_BIT_CONVERSION = YES;
				GCC_WARN_ABOUT_RETURN_TYPE = YES_ERROR;
				GCC_WARN_UNDECLARED_SELECTOR = YES;
				GCC_WARN_UNINITIALIZED_AUTOS = YES_AGGRESSIVE;
				GCC_WARN_UNUSED_FUNCTION = YES;
				GCC_WARN_UNUSED_VARIABLE = YES;
				IPHONEOS_DEPLOYMENT_TARGET = 9.3;
				MTL_ENABLE_DEBUG_INFO = NO;
				SDKROOT = iphoneos;
				TARGETED_DEVICE_FAMILY = "1,2";
				VALIDATE_PRODUCT = YES;
			};
			name = Release;
		};
		945311DF1CD6934500E18B07 /* Debug */ = {
			isa = XCBuildConfiguration;
			baseConfigurationReference = EE240A99314BFFAD4F7682A5 /* Pods-MattLangan.debug.xcconfig */;
			buildSettings = {
				ASSETCATALOG_COMPILER_APPICON_NAME = AppIcon;
				INFOPLIST_FILE = MattLangan/Info.plist;
				LD_RUNPATH_SEARCH_PATHS = "$(inherited) @executable_path/Frameworks";
				PRODUCT_BUNDLE_IDENTIFIER = com.smalltalkconsulting.test.MattLangan;
				PRODUCT_NAME = "$(TARGET_NAME)";
			};
			name = Debug;
		};
		945311E01CD6934500E18B07 /* Release */ = {
			isa = XCBuildConfiguration;
			baseConfigurationReference = DB44C96A8BD034ED1A74AE7B /* Pods-MattLangan.release.xcconfig */;
			buildSettings = {
				ASSETCATALOG_COMPILER_APPICON_NAME = AppIcon;
				INFOPLIST_FILE = MattLangan/Info.plist;
				LD_RUNPATH_SEARCH_PATHS = "$(inherited) @executable_path/Frameworks";
				PRODUCT_BUNDLE_IDENTIFIER = com.smalltalkconsulting.test.MattLangan;
				PRODUCT_NAME = "$(TARGET_NAME)";
			};
			name = Release;
		};
		945311E21CD6934500E18B07 /* Debug */ = {
			isa = XCBuildConfiguration;
			buildSettings = {
				BUNDLE_LOADER = "$(TEST_HOST)";
				INFOPLIST_FILE = MattLanganTests/Info.plist;
				LD_RUNPATH_SEARCH_PATHS = "$(inherited) @executable_path/Frameworks @loader_path/Frameworks";
				PRODUCT_BUNDLE_IDENTIFIER = com.smalltalkconsulting.test.MattLanganTests;
				PRODUCT_NAME = "$(TARGET_NAME)";
				TEST_HOST = "$(BUILT_PRODUCTS_DIR)/MattLangan.app/MattLangan";
			};
			name = Debug;
		};
		945311E31CD6934500E18B07 /* Release */ = {
			isa = XCBuildConfiguration;
			buildSettings = {
				BUNDLE_LOADER = "$(TEST_HOST)";
				INFOPLIST_FILE = MattLanganTests/Info.plist;
				LD_RUNPATH_SEARCH_PATHS = "$(inherited) @executable_path/Frameworks @loader_path/Frameworks";
				PRODUCT_BUNDLE_IDENTIFIER = com.smalltalkconsulting.test.MattLanganTests;
				PRODUCT_NAME = "$(TARGET_NAME)";
				TEST_HOST = "$(BUILT_PRODUCTS_DIR)/MattLangan.app/MattLangan";
			};
			name = Release;
		};
/* End XCBuildConfiguration section */

/* Begin XCConfigurationList section */
		945311BC1CD6934500E18B07 /* Build configuration list for PBXProject "MattLangan" */ = {
			isa = XCConfigurationList;
			buildConfigurations = (
				945311DC1CD6934500E18B07 /* Debug */,
				945311DD1CD6934500E18B07 /* Release */,
			);
			defaultConfigurationIsVisible = 0;
			defaultConfigurationName = Release;
		};
		945311DE1CD6934500E18B07 /* Build configuration list for PBXNativeTarget "MattLangan" */ = {
			isa = XCConfigurationList;
			buildConfigurations = (
				945311DF1CD6934500E18B07 /* Debug */,
				945311E01CD6934500E18B07 /* Release */,
			);
			defaultConfigurationIsVisible = 0;
			defaultConfigurationName = Release;
		};
		945311E11CD6934500E18B07 /* Build configuration list for PBXNativeTarget "MattLanganTests" */ = {
			isa = XCConfigurationList;
			buildConfigurations = (
				945311E21CD6934500E18B07 /* Debug */,
				945311E31CD6934500E18B07 /* Release */,
			);
			defaultConfigurationIsVisible = 0;
			defaultConfigurationName = Release;
		};
/* End XCConfigurationList section */
	};
	rootObject = 945311B91CD6934500E18B07 /* Project object */;
}
